# This file is automatically @generated by Cargo.
# It is not intended for manual editing.
version = 4

[[package]]
name = "ovasabi-runtime-native"
version = "0.1.0"
dependencies = [
 "ovrt-core",
 "ovrt-native",
 "ovrt-unit",
]

[[package]]
name = "ovrt-core"
version = "0.1.0"

[[package]]
name = "ovrt-native"
version = "0.1.0"
dependencies = [
 "ovrt-core",
 "ovrt-unit",
]

[[package]]
name = "ovrt-unit"
version = "0.1.0"
dependencies = [
 "ovrt-core",
]
